
Microsoft Visual Studio Solution File, Format Version 12.00
# Visual Studio 15
VisualStudioVersion = 15.0.27703.2042
MinimumVisualStudioVersion = 10.0.40219.1
Project("{FAE04EC0-301F-11D3-BF4B-00C04F79EFBC}") = "Application3", "Application3\Application3.csproj", "{1A1CC9DE-B7B7-4C8E-AC9F-6BAC3D1BC37F}"
EndProject
Global
	GlobalSection(SolutionConfigurationPlatforms) = preSolution
		Debug|Any CPU = Debug|Any CPU
		Release|Any CPU = Release|Any CPU
	EndGlobalSection
	GlobalSection(ProjectConfigurationPlatforms) = postSolution
		{1A1CC9DE-B7B7-4C8E-AC9F-6BAC3D1BC37F}.Debug|Any CPU.ActiveCfg = Debug|Any CPU
		{1A1CC9DE-B7B7-4C8E-AC9F-6BAC3D1BC37F}.Debug|Any CPU.Build.0 = Debug|Any CPU
		{1A1CC9DE-B7B7-4C8E-AC9F-6BAC3D1BC37F}.Release|Any CPU.ActiveCfg = Release|Any CPU
		{1A1CC9DE-B7B7-4C8E-AC9F-6BAC3D1BC37F}.Release|Any CPU.Build.0 = Release|Any CPU
	EndGlobalSection
	GlobalSection(SolutionProperties) = preSolution
		HideSolutionNode = FALSE
	EndGlobalSection
	GlobalSection(ExtensibilityGlobals) = postSolution
		SolutionGuid = {AECC9045-D333-4A1E-AF82-E8366441DC37}
	EndGlobalSection
EndGlobal
